
Microsoft Visual Studio Solution File, Format Version 12.00
# Visual Studio Version 17
VisualStudioVersion = 17.6.33829.357
MinimumVisualStudioVersion = 10.0.40219.1
Project("{FAE04EC0-301F-11D3-BF4B-00C04F79EFBC}") = "EmaTimber", "EmaTimber\EmaTimber.csproj", "{0A1AD59C-9750-4FFB-9F1E-08EA37CC8D80}"
EndProject
Project("{FAE04EC0-301F-11D3-BF4B-00C04F79EFBC}") = "EmaTimber.GH", "EmaTimber.GH\EmaTimber.GH.csproj", "{34E0FE2E-4D40-4444-88D0-7BD701941516}"
EndProject
Project("{FAE04EC0-301F-11D3-BF4B-00C04F79EFBC}") = "EmaControl", "EmaControl\EmaControl.csproj", "{4DF8543A-0B08-4469-9ADB-017867C044AA}"
EndProject
Project("{FAE04EC0-301F-11D3-BF4B-00C04F79EFBC}") = "EmaTimberRhino", "EmaTimberRhino\EmaTimberRhino.csproj", "{CDB7CF96-C7DA-4239-8FAD-95D50DC6F790}"
EndProject
Project("{FAE04EC0-301F-11D3-BF4B-00C04F79EFBC}") = "RawLamAllocator", "RawLamAllocator2\RawLamAllocator.csproj", "{338D1CB5-B9C6-494D-B620-89CDAE1CFF17}"
EndProject
Project("{8BC9CEB8-8B4A-11D0-8D11-00A0C91BC942}") = "OccNet", "OccNet\OccNet.vcxproj", "{0AE1B92B-0D13-4C56-9F8D-FA973FD44D0E}"
EndProject
Global
	GlobalSection(SolutionConfigurationPlatforms) = preSolution
		Debug|x64 = Debug|x64
		Debug|x86 = Debug|x86
		Release|x64 = Release|x64
		Release|x86 = Release|x86
	EndGlobalSection
	GlobalSection(ProjectConfigurationPlatforms) = postSolution
		{0A1AD59C-9750-4FFB-9F1E-08EA37CC8D80}.Debug|x64.ActiveCfg = Debug|x64
		{0A1AD59C-9750-4FFB-9F1E-08EA37CC8D80}.Debug|x64.Build.0 = Debug|x64
		{0A1AD59C-9750-4FFB-9F1E-08EA37CC8D80}.Debug|x86.ActiveCfg = Debug|x64
		{0A1AD59C-9750-4FFB-9F1E-08EA37CC8D80}.Debug|x86.Build.0 = Debug|x64
		{0A1AD59C-9750-4FFB-9F1E-08EA37CC8D80}.Release|x64.ActiveCfg = Release|x64
		{0A1AD59C-9750-4FFB-9F1E-08EA37CC8D80}.Release|x64.Build.0 = Release|x64
		{0A1AD59C-9750-4FFB-9F1E-08EA37CC8D80}.Release|x86.ActiveCfg = Release|x64
		{0A1AD59C-9750-4FFB-9F1E-08EA37CC8D80}.Release|x86.Build.0 = Release|x64
		{34E0FE2E-4D40-4444-88D0-7BD701941516}.Debug|x64.ActiveCfg = Debug|x64
		{34E0FE2E-4D40-4444-88D0-7BD701941516}.Debug|x64.Build.0 = Debug|x64
		{34E0FE2E-4D40-4444-88D0-7BD701941516}.Debug|x86.ActiveCfg = Debug|x64
		{34E0FE2E-4D40-4444-88D0-7BD701941516}.Debug|x86.Build.0 = Debug|x64
		{34E0FE2E-4D40-4444-88D0-7BD701941516}.Release|x64.ActiveCfg = Release|x64
		{34E0FE2E-4D40-4444-88D0-7BD701941516}.Release|x64.Build.0 = Release|x64
		{34E0FE2E-4D40-4444-88D0-7BD701941516}.Release|x86.ActiveCfg = Release|x64
		{34E0FE2E-4D40-4444-88D0-7BD701941516}.Release|x86.Build.0 = Release|x64
		{4DF8543A-0B08-4469-9ADB-017867C044AA}.Debug|x64.ActiveCfg = Debug|x64
		{4DF8543A-0B08-4469-9ADB-017867C044AA}.Debug|x64.Build.0 = Debug|x64
		{4DF8543A-0B08-4469-9ADB-017867C044AA}.Debug|x86.ActiveCfg = Debug|x64
		{4DF8543A-0B08-4469-9ADB-017867C044AA}.Debug|x86.Build.0 = Debug|x64
		{4DF8543A-0B08-4469-9ADB-017867C044AA}.Release|x64.ActiveCfg = Release|x64
		{4DF8543A-0B08-4469-9ADB-017867C044AA}.Release|x86.ActiveCfg = Release|x64
		{4DF8543A-0B08-4469-9ADB-017867C044AA}.Release|x86.Build.0 = Release|x64
		{CDB7CF96-C7DA-4239-8FAD-95D50DC6F790}.Debug|x64.ActiveCfg = Debug|x64
		{CDB7CF96-C7DA-4239-8FAD-95D50DC6F790}.Debug|x64.Build.0 = Debug|x64
		{CDB7CF96-C7DA-4239-8FAD-95D50DC6F790}.Debug|x86.ActiveCfg = Debug|x64
		{CDB7CF96-C7DA-4239-8FAD-95D50DC6F790}.Debug|x86.Build.0 = Debug|x64
		{CDB7CF96-C7DA-4239-8FAD-95D50DC6F790}.Release|x64.ActiveCfg = Release|x64
		{CDB7CF96-C7DA-4239-8FAD-95D50DC6F790}.Release|x64.Build.0 = Release|x64
		{CDB7CF96-C7DA-4239-8FAD-95D50DC6F790}.Release|x86.ActiveCfg = Release|x64
		{CDB7CF96-C7DA-4239-8FAD-95D50DC6F790}.Release|x86.Build.0 = Release|x64
		{338D1CB5-B9C6-494D-B620-89CDAE1CFF17}.Debug|x64.ActiveCfg = Debug|x64
		{338D1CB5-B9C6-494D-B620-89CDAE1CFF17}.Debug|x64.Build.0 = Debug|x64
		{338D1CB5-B9C6-494D-B620-89CDAE1CFF17}.Debug|x86.ActiveCfg = Debug|x64
		{338D1CB5-B9C6-494D-B620-89CDAE1CFF17}.Debug|x86.Build.0 = Debug|x64
		{338D1CB5-B9C6-494D-B620-89CDAE1CFF17}.Release|x64.ActiveCfg = Release|x64
		{338D1CB5-B9C6-494D-B620-89CDAE1CFF17}.Release|x86.ActiveCfg = Release|x64
		{338D1CB5-B9C6-494D-B620-89CDAE1CFF17}.Release|x86.Build.0 = Release|x64
		{0AE1B92B-0D13-4C56-9F8D-FA973FD44D0E}.Debug|x64.ActiveCfg = Debug|x64
		{0AE1B92B-0D13-4C56-9F8D-FA973FD44D0E}.Debug|x64.Build.0 = Debug|x64
		{0AE1B92B-0D13-4C56-9F8D-FA973FD44D0E}.Debug|x86.ActiveCfg = Debug|Win32
		{0AE1B92B-0D13-4C56-9F8D-FA973FD44D0E}.Debug|x86.Build.0 = Debug|Win32
		{0AE1B92B-0D13-4C56-9F8D-FA973FD44D0E}.Release|x64.ActiveCfg = Release|x64
		{0AE1B92B-0D13-4C56-9F8D-FA973FD44D0E}.Release|x64.Build.0 = Release|x64
		{0AE1B92B-0D13-4C56-9F8D-FA973FD44D0E}.Release|x86.ActiveCfg = Release|Win32
		{0AE1B92B-0D13-4C56-9F8D-FA973FD44D0E}.Release|x86.Build.0 = Release|Win32
	EndGlobalSection
	GlobalSection(SolutionProperties) = preSolution
		HideSolutionNode = FALSE
	EndGlobalSection
	GlobalSection(ExtensibilityGlobals) = postSolution
		SolutionGuid = {043A93EB-D42E-493D-9CBA-711A631A8E12}
	EndGlobalSection
EndGlobal
